
Microsoft Visual Studio Solution File, Format Version 12.00
# Visual Studio 15
VisualStudioVersion = 15.0.28307.539
MinimumVisualStudioVersion = 10.0.40219.1
Project("{00D1A9C2-B5F0-4AF3-8072-F6C62B433612}") = "Week5", "Week5\Week5.sqlproj", "{048B1CC2-FD34-4330-A902-C308F2743A08}"
EndProject
Project("{FAE04EC0-301F-11D3-BF4B-00C04F79EFBC}") = "LibAPI", "LibAPI\LibAPI.csproj", "{8915A273-9645-4B8B-A87C-4A5CBCA4318E}"
EndProject
Global
	GlobalSection(SolutionConfigurationPlatforms) = preSolution
		Debug|Any CPU = Debug|Any CPU
		Release|Any CPU = Release|Any CPU
	EndGlobalSection
	GlobalSection(ProjectConfigurationPlatforms) = postSolution
		{048B1CC2-FD34-4330-A902-C308F2743A08}.Debug|Any CPU.ActiveCfg = Debug|Any CPU
		{048B1CC2-FD34-4330-A902-C308F2743A08}.Debug|Any CPU.Build.0 = Debug|Any CPU
		{048B1CC2-FD34-4330-A902-C308F2743A08}.Debug|Any CPU.Deploy.0 = Debug|Any CPU
		{048B1CC2-FD34-4330-A902-C308F2743A08}.Release|Any CPU.ActiveCfg = Release|Any CPU
		{048B1CC2-FD34-4330-A902-C308F2743A08}.Release|Any CPU.Build.0 = Release|Any CPU
		{048B1CC2-FD34-4330-A902-C308F2743A08}.Release|Any CPU.Deploy.0 = Release|Any CPU
		{8915A273-9645-4B8B-A87C-4A5CBCA4318E}.Debug|Any CPU.ActiveCfg = Debug|Any CPU
		{8915A273-9645-4B8B-A87C-4A5CBCA4318E}.Debug|Any CPU.Build.0 = Debug|Any CPU
		{8915A273-9645-4B8B-A87C-4A5CBCA4318E}.Release|Any CPU.ActiveCfg = Release|Any CPU
		{8915A273-9645-4B8B-A87C-4A5CBCA4318E}.Release|Any CPU.Build.0 = Release|Any CPU
	EndGlobalSection
	GlobalSection(SolutionProperties) = preSolution
		HideSolutionNode = FALSE
	EndGlobalSection
	GlobalSection(ExtensibilityGlobals) = postSolution
		SolutionGuid = {FC58BF79-CAEA-4B51-929E-D3B83815038F}
	EndGlobalSection
EndGlobal
